<?xml version="1.0" encoding="utf-8"?>
<Project ToolsVersion="4.0" xmlns="http://schemas.microsoft.com/developer/msbuild/2003">
  <ItemGroup>
    <ClCompile Include="..\src\starterbot\main.cpp" />
    <ClCompile Include="..\src\starterbot\MapTools.cpp" />
    <ClCompile Include="..\src\starterbot\ReplayParser.cpp" />
    <ClCompile Include="..\src\starterbot\StarterBot.cpp" />
    <ClCompile Include="..\src\starterbot\Tools.cpp" />
  </ItemGroup>
  <ItemGroup>
    <ClInclude Include="..\src\starterbot\Grid.h" />
    <ClInclude Include="..\src\starterbot\MapTools.h" />
    <ClInclude Include="..\src\starterbot\ReplayParser.h" />
    <ClInclude Include="..\src\starterbot\StarterBot.h" />
    <ClInclude Include="..\src\starterbot\Tools.h" />
  </ItemGroup>
</Project>